{
  "name": "no_sneak_hud",
  "lockfileVersion": 2,
  "requires": true,
  "packages": {
    "": {
      "devDependencies": {
        "7z-bin": "Nexus-Mods/7z-bin"
      }
    },
    "node_modules/7z-bin": {
      "version": "23.0.1",
      "resolved": "git+ssh://git@github.com/Nexus-Mods/7z-bin.git#09c2bc201f8d00860ffa28b2decd7db26d62d115",
      "dev": true,
      "license": "SEE LICENSE IN license.txt",
      "bin": {
        "7z": "bin/7z"
      }
    }
  },
  "dependencies": {
    "7z-bin": {
      "version": "git+ssh://git@github.com/Nexus-Mods/7z-bin.git#09c2bc201f8d00860ffa28b2decd7db26d62d115",
      "dev": true,
      "from": "7z-bin@Nexus-Mods/7z-bin"
    }
  }
}
